Microsoft Visual Studio Solution File, Format Version 12.00
# Visual Studio 2012
Project("{FAE04EC0-301F-11D3-BF4B-00C04F79EFBC}") = "2023SlowJam", "2023SlowJam.csproj", "{C3428ED7-C073-44D1-94EF-95EF62CF6C56}"
EndProject
Global
	GlobalSection(SolutionConfigurationPlatforms) = preSolution
	Debug|Any CPU = Debug|Any CPU
	ExportDebug|Any CPU = ExportDebug|Any CPU
	ExportRelease|Any CPU = ExportRelease|Any CPU
	EndGlobalSection
	GlobalSection(ProjectConfigurationPlatforms) = postSolution
		{C3428ED7-C073-44D1-94EF-95EF62CF6C56}.Debug|Any CPU.ActiveCfg = Debug|Any CPU
		{C3428ED7-C073-44D1-94EF-95EF62CF6C56}.Debug|Any CPU.Build.0 = Debug|Any CPU
		{C3428ED7-C073-44D1-94EF-95EF62CF6C56}.ExportDebug|Any CPU.ActiveCfg = ExportDebug|Any CPU
		{C3428ED7-C073-44D1-94EF-95EF62CF6C56}.ExportDebug|Any CPU.Build.0 = ExportDebug|Any CPU
		{C3428ED7-C073-44D1-94EF-95EF62CF6C56}.ExportRelease|Any CPU.ActiveCfg = ExportRelease|Any CPU
		{C3428ED7-C073-44D1-94EF-95EF62CF6C56}.ExportRelease|Any CPU.Build.0 = ExportRelease|Any CPU
	EndGlobalSection
EndGlobal
